// !$*UTF8*$!
{
	archiveVersion = 1;
	classes = {
	};
	objectVersion = 46;
	objects = {

/* Begin PBXBuildFile section */
		C9EAE02C1B45FCB600929196 /* PrescriptionRecord.m in Sources */ = {isa = PBXBuildFile; fileRef = C9EAE02B1B45FCB600929196 /* PrescriptionRecord.m */; };
		C9EAE02F1B45FCDE00929196 /* RecordHolder.m in Sources */ = {isa = PBXBuildFile; fileRef = C9EAE02E1B45FCDE00929196 /* RecordHolder.m */; };
		C9EAE64A1B45B0EF0021539E /* Doctor.m in Sources */ = {isa = PBXBuildFile; fileRef = C9EAE6491B45B0EF0021539E /* Doctor.m */; };
		C9EBB0B91B45F16800B2E66E /* Patient.m in Sources */ = {isa = PBXBuildFile; fileRef = C9EBB0B81B45F16800B2E66E /* Patient.m */; };
		C9EBB0BC1B45F1A400B2E66E /* Prescription.m in Sources */ = {isa = PBXBuildFile; fileRef = C9EBB0BB1B45F1A400B2E66E /* Prescription.m */; };
		C9EED3A51B45AFB700E29537 /* main.m in Sources */ = {isa = PBXBuildFile; fileRef = C9EED3A41B45AFB700E29537 /* main.m */; };
/* End PBXBuildFile section */

/* Begin PBXCopyFilesBuildPhase section */
		C9EED39F1B45AFB700E29537 /* CopyFiles */ = {
			isa = PBXCopyFilesBuildPhase;
			buildActionMask = 2147483647;
			dstPath = /usr/share/man/man1/;
			dstSubfolderSpec = 0;
			files = (
			);
			runOnlyForDeploymentPostprocessing = 1;
		};
/* End PBXCopyFilesBuildPhase section */

/* Begin PBXFileReference section */
		C9EAE02A1B45FCB600929196 /* PrescriptionRecord.h */ = {isa = PBXFileReference; fileEncoding = 4; lastKnownFileType = sourcecode.c.h; path = PrescriptionRecord.h; sourceTree = "<group>"; };
		C9EAE02B1B45FCB600929196 /* PrescriptionRecord.m */ = {isa = PBXFileReference; fileEncoding = 4; lastKnownFileType = sourcecode.c.objc; path = PrescriptionRecord.m; sourceTree = "<group>"; };
		C9EAE02D1B45FCDE00929196 /* RecordHolder.h */ = {isa = PBXFileReference; fileEncoding = 4; lastKnownFileType = sourcecode.c.h; path = RecordHolder.h; sourceTree = "<group>"; };
		C9EAE02E1B45FCDE00929196 /* RecordHolder.m */ = {isa = PBXFileReference; fileEncoding = 4; lastKnownFileType = sourcecode.c.objc; path = RecordHolder.m; sourceTree = "<group>"; };
		C9EAE6481B45B0EF0021539E /* Doctor.h */ = {isa = PBXFileReference; fileEncoding = 4; lastKnownFileType = sourcecode.c.h; path = Doctor.h; sourceTree = "<group>"; };
		C9EAE6491B45B0EF0021539E /* Doctor.m */ = {isa = PBXFileReference; fileEncoding = 4; lastKnownFileType = sourcecode.c.objc; path = Doctor.m; sourceTree = "<group>"; };
		C9EBB0B71B45F16800B2E66E /* Patient.h */ = {isa = PBXFileReference; fileEncoding = 4; lastKnownFileType = sourcecode.c.h; path = Patient.h; sourceTree = "<group>"; };
		C9EBB0B81B45F16800B2E66E /* Patient.m */ = {isa = PBXFileReference; fileEncoding = 4; lastKnownFileType = sourcecode.c.objc; path = Patient.m; sourceTree = "<group>"; };
		C9EBB0BA1B45F1A400B2E66E /* Prescription.h */ = {isa = PBXFileReference; fileEncoding = 4; lastKnownFileType = sourcecode.c.h; path = Prescription.h; sourceTree = "<group>"; };
		C9EBB0BB1B45F1A400B2E66E /* Prescription.m */ = {isa = PBXFileReference; fileEncoding = 4; lastKnownFileType = sourcecode.c.objc; path = Prescription.m; sourceTree = "<group>"; };
		C9EED3A11B45AFB700E29537 /* Doctor */ = {isa = PBXFileReference; explicitFileType = "compiled.mach-o.executable"; includeInIndex = 0; path = Doctor; sourceTree = BUILT_PRODUCTS_DIR; };
		C9EED3A41B45AFB700E29537 /* main.m */ = {isa = PBXFileReference; lastKnownFileType = sourcecode.c.objc; path = main.m; sourceTree = "<group>"; };
/* End PBXFileReference section */

/* Begin PBXFrameworksBuildPhase section */
		C9EED39E1B45AFB700E29537 /* Frameworks */ = {
			isa = PBXFrameworksBuildPhase;
			buildActionMask = 2147483647;
			files = (
			);
			runOnlyForDeploymentPostprocessing = 0;
		};
/* End PBXFrameworksBuildPhase section */

/* Begin PBXGroup section */
		C9EED3981B45AFB700E29537 = {
			isa = PBXGroup;
			children = (
				C9EED3A31B45AFB700E29537 /* Doctor */,
				C9EED3A21B45AFB700E29537 /* Products */,
			);
			sourceTree = "<group>";
		};
		C9EED3A21B45AFB700E29537 /* Products */ = {
			isa = PBXGroup;
			children = (
				C9EED3A11B45AFB700E29537 /* Doctor */,
			);
			name = Products;
			sourceTree = "<group>";
		};
		C9EED3A31B45AFB700E29537 /* Doctor */ = {
			isa = PBXGroup;
			children = (
				C9EED3A41B45AFB700E29537 /* main.m */,
				C9EAE6481B45B0EF0021539E /* Doctor.h */,
				C9EAE6491B45B0EF0021539E /* Doctor.m */,
				C9EBB0B71B45F16800B2E66E /* Patient.h */,
				C9EBB0B81B45F16800B2E66E /* Patient.m */,
				C9EBB0BA1B45F1A400B2E66E /* Prescription.h */,
				C9EBB0BB1B45F1A400B2E66E /* Prescription.m */,
				C9EAE02A1B45FCB600929196 /* PrescriptionRecord.h */,
				C9EAE02B1B45FCB600929196 /* PrescriptionRecord.m */,
				C9EAE02D1B45FCDE00929196 /* RecordHolder.h */,
				C9EAE02E1B45FCDE00929196 /* RecordHolder.m */,
			);
			path = Doctor;
			sourceTree = "<group>";
		};
/* End PBXGroup section */

/* Begin PBXNativeTarget section */
		C9EED3A01B45AFB700E29537 /* Doctor */ = {
			isa = PBXNativeTarget;
			buildConfigurationList = C9EED3A81B45AFB700E29537 /* Build configuration list for PBXNativeTarget "Doctor" */;
			buildPhases = (
				C9EED39D1B45AFB700E29537 /* Sources */,
				C9EED39E1B45AFB700E29537 /* Frameworks */,
				C9EED39F1B45AFB700E29537 /* CopyFiles */,
			);
			buildRules = (
			);
			dependencies = (
			);
			name = Doctor;
			productName = Doctor;
			productReference = C9EED3A11B45AFB700E29537 /* Doctor */;
			productType = "com.apple.product-type.tool";
		};
/* End PBXNativeTarget section */

/* Begin PBXProject section */
		C9EED3991B45AFB700E29537 /* Project object */ = {
			isa = PBXProject;
			attributes = {
				LastUpgradeCheck = 0630;
				ORGANIZATIONNAME = rcacho;
				TargetAttributes = {
					C9EED3A01B45AFB700E29537 = {
						CreatedOnToolsVersion = 6.3.1;
					};
				};
			};
			buildConfigurationList = C9EED39C1B45AFB700E29537 /* Build configuration list for PBXProject "Doctor" */;
			compatibilityVersion = "Xcode 3.2";
			developmentRegion = English;
			hasScannedForEncodings = 0;
			knownRegions = (
				en,
			);
			mainGroup = C9EED3981B45AFB700E29537;
			productRefGroup = C9EED3A21B45AFB700E29537 /* Products */;
			projectDirPath = "";
			projectRoot = "";
			targets = (
				C9EED3A01B45AFB700E29537 /* Doctor */,
			);
		};
/* End PBXProject section */

/* Begin PBXSourcesBuildPhase section */
		C9EED39D1B45AFB700E29537 /* Sources */ = {
			isa = PBXSourcesBuildPhase;
			buildActionMask = 2147483647;
			files = (
				C9EAE02F1B45FCDE00929196 /* RecordHolder.m in Sources */,
				C9EBB0B91B45F16800B2E66E /* Patient.m in Sources */,
				C9EAE64A1B45B0EF0021539E /* Doctor.m in Sources */,
				C9EED3A51B45AFB700E29537 /* main.m in Sources */,
				C9EAE02C1B45FCB600929196 /* PrescriptionRecord.m in Sources */,
				C9EBB0BC1B45F1A400B2E66E /* Prescription.m in Sources */,
			);
			runOnlyForDeploymentPostprocessing = 0;
		};
/* End PBXSourcesBuildPhase section */

/* Begin XCBuildConfiguration section */
		C9EED3A61B45AFB700E29537 /* Debug */ = {
			isa = XCBuildConfiguration;
			buildSettings = {
				ALWAYS_SEARCH_USER_PATHS = NO;
				CLANG_CXX_LANGUAGE_STANDARD = "gnu++0x";
				CLANG_CXX_LIBRARY = "libc++";
				CLANG_ENABLE_MODULES = YES;
				CLANG_ENABLE_OBJC_ARC = YES;
				CLANG_WARN_BOOL_CONVERSION = YES;
				CLANG_WARN_CONSTANT_CONVERSION = YES;
				CLANG_WARN_DIRECT_OBJC_ISA_USAGE = YES_ERROR;
				CLANG_WARN_EMPTY_BODY = YES;
				CLANG_WARN_ENUM_CONVERSION = YES;
				CLANG_WARN_INT_CONVERSION = YES;
				CLANG_WARN_OBJC_ROOT_CLASS = YES_ERROR;
				CLANG_WARN_UNREACHABLE_CODE = YES;
				CLANG_WARN__DUPLICATE_METHOD_MATCH = YES;
				COPY_PHASE_STRIP = NO;
				DEBUG_INFORMATION_FORMAT = dwarf;
				ENABLE_STRICT_OBJC_MSGSEND = YES;
				GCC_C_LANGUAGE_STANDARD = gnu99;
				GCC_DYNAMIC_NO_PIC = NO;
				GCC_NO_COMMON_BLOCKS = YES;
				GCC_OPTIMIZATION_LEVEL = 0;
				GCC_PREPROCESSOR_DEFINITIONS = (
					"DEBUG=1",
					"$(inherited)",
				);
				GCC_SYMBOLS_PRIVATE_EXTERN = NO;
				GCC_WARN_64_TO_32_BIT_CONVERSION = YES;
				GCC_WARN_ABOUT_RETURN_TYPE = YES_ERROR;
				GCC_WARN_UNDECLARED_SELECTOR = YES;
				GCC_WARN_UNINITIALIZED_AUTOS = YES_AGGRESSIVE;
				GCC_WARN_UNUSED_FUNCTION = YES;
				GCC_WARN_UNUSED_VARIABLE = YES;
				MACOSX_DEPLOYMENT_TARGET = 10.10;
				MTL_ENABLE_DEBUG_INFO = YES;
				ONLY_ACTIVE_ARCH = YES;
				SDKROOT = macosx;
			};
			name = Debug;
		};
		C9EED3A71B45AFB700E29537 /* Release */ = {
			isa = XCBuildConfiguration;
			buildSettings = {
				ALWAYS_SEARCH_USER_PATHS = NO;
				CLANG_CXX_LANGUAGE_STANDARD = "gnu++0x";
				CLANG_CXX_LIBRARY = "libc++";
				CLANG_ENABLE_MODULES = YES;
				CLANG_ENABLE_OBJC_ARC = YES;
				CLANG_WARN_BOOL_CONVERSION = YES;
				CLANG_WARN_CONSTANT_CONVERSION = YES;
				CLANG_WARN_DIRECT_OBJC_ISA_USAGE = YES_ERROR;
				CLANG_WARN_EMPTY_BODY = YES;
				CLANG_WARN_ENUM_CONVERSION = YES;
				CLANG_WARN_INT_CONVERSION = YES;
				CLANG_WARN_OBJC_ROOT_CLASS = YES_ERROR;
				CLANG_WARN_UNREACHABLE_CODE = YES;
				CLANG_WARN__DUPLICATE_METHOD_MATCH = YES;
				COPY_PHASE_STRIP = NO;
				DEBUG_INFORMATION_FORMAT = "dwarf-with-dsym";
				ENABLE_NS_ASSERTIONS = NO;
				ENABLE_STRICT_OBJC_MSGSEND = YES;
				GCC_C_LANGUAGE_STANDARD = gnu99;
				GCC_NO_COMMON_BLOCKS = YES;
				GCC_WARN_64_TO_32_BIT_CONVERSION = YES;
				GCC_WARN_ABOUT_RETURN_TYPE = YES_ERROR;
				GCC_WARN_UNDECLARED_SELECTOR = YES;
				GCC_WARN_UNINITIALIZED_AUTOS = YES_AGGRESSIVE;
				GCC_WARN_UNUSED_FUNCTION = YES;
				GCC_WARN_UNUSED_VARIABLE = YES;
				MACOSX_DEPLOYMENT_TARGET = 10.10;
				MTL_ENABLE_DEBUG_INFO = NO;
				SDKROOT = macosx;
			};
			name = Release;
		};
		C9EED3A91B45AFB700E29537 /* Debug */ = {
			isa = XCBuildConfiguration;
			buildSettings = {
				PRODUCT_NAME = "$(TARGET_NAME)";
			};
			name = Debug;
		};
		C9EED3AA1B45AFB700E29537 /* Release */ = {
			isa = XCBuildConfiguration;
			buildSettings = {
				PRODUCT_NAME = "$(TARGET_NAME)";
			};
			name = Release;
		};
/* End XCBuildConfiguration section */

/* Begin XCConfigurationList section */
		C9EED39C1B45AFB700E29537 /* Build configuration list for PBXProject "Doctor" */ = {
			isa = XCConfigurationList;
			buildConfigurations = (
				C9EED3A61B45AFB700E29537 /* Debug */,
				C9EED3A71B45AFB700E29537 /* Release */,
			);
			defaultConfigurationIsVisible = 0;
			defaultConfigurationName = Release;
		};
		C9EED3A81B45AFB700E29537 /* Build configuration list for PBXNativeTarget "Doctor" */ = {
			isa = XCConfigurationList;
			buildConfigurations = (
				C9EED3A91B45AFB700E29537 /* Debug */,
				C9EED3AA1B45AFB700E29537 /* Release */,
			);
			defaultConfigurationIsVisible = 0;
			defaultConfigurationName = Release;
		};
/* End XCConfigurationList section */
	};
	rootObject = C9EED3991B45AFB700E29537 /* Project object */;
}
